// !$*UTF8*$!
{
	archiveVersion = 1;
	classes = {
	};
	objectVersion = 48;
	objects = {

/* Begin PBXBuildFile section */
		C46043CB20078F0B007DFCA7 /* ViewController.swift in Sources */ = {isa = PBXBuildFile; fileRef = C46043CA20078F0B007DFCA7 /* ViewController.swift */; };
		C46043CE20078F0B007DFCA7 /* Main.storyboard in Resources */ = {isa = PBXBuildFile; fileRef = C46043CC20078F0B007DFCA7 /* Main.storyboard */; };
		C46043D120078F0B007DFCA7 /* ID_Cards_Price_List.xcdatamodeld in Sources */ = {isa = PBXBuildFile; fileRef = C46043CF20078F0B007DFCA7 /* ID_Cards_Price_List.xcdatamodeld */; };
		C46043D320078F0B007DFCA7 /* Assets.xcassets in Resources */ = {isa = PBXBuildFile; fileRef = C46043D220078F0B007DFCA7 /* Assets.xcassets */; };
		C46043D620078F0B007DFCA7 /* LaunchScreen.storyboard in Resources */ = {isa = PBXBuildFile; fileRef = C46043D420078F0B007DFCA7 /* LaunchScreen.storyboard */; };
		C47FFF9C219AD53D00895169 /* AppDelegate.swift in Sources */ = {isa = PBXBuildFile; fileRef = C47FFF9B219AD53D00895169 /* AppDelegate.swift */; };
/* End PBXBuildFile section */

/* Begin PBXFileReference section */
		C46043C520078F0B007DFCA7 /* ID-Cards Price List.app */ = {isa = PBXFileReference; explicitFileType = wrapper.application; includeInIndex = 0; path = "ID-Cards Price List.app"; sourceTree = BUILT_PRODUCTS_DIR; };
		C46043CA20078F0B007DFCA7 /* ViewController.swift */ = {isa = PBXFileReference; lastKnownFileType = sourcecode.swift; path = ViewController.swift; sourceTree = "<group>"; };
		C46043CD20078F0B007DFCA7 /* Base */ = {isa = PBXFileReference; lastKnownFileType = file.storyboard; name = Base; path = Base.lproj/Main.storyboard; sourceTree = "<group>"; };
		C46043D020078F0B007DFCA7 /* ID_Cards_Price_List.xcdatamodel */ = {isa = PBXFileReference; lastKnownFileType = wrapper.xcdatamodel; path = ID_Cards_Price_List.xcdatamodel; sourceTree = "<group>"; };
		C46043D220078F0B007DFCA7 /* Assets.xcassets */ = {isa = PBXFileReference; lastKnownFileType = folder.assetcatalog; path = Assets.xcassets; sourceTree = "<group>"; };
		C46043D520078F0B007DFCA7 /* Base */ = {isa = PBXFileReference; lastKnownFileType = file.storyboard; name = Base; path = Base.lproj/LaunchScreen.storyboard; sourceTree = "<group>"; };
		C46043D720078F0B007DFCA7 /* Info.plist */ = {isa = PBXFileReference; lastKnownFileType = text.plist.xml; path = Info.plist; sourceTree = "<group>"; };
		C47FFF9B219AD53D00895169 /* AppDelegate.swift */ = {isa = PBXFileReference; fileEncoding = 4; lastKnownFileType = sourcecode.swift; path = AppDelegate.swift; sourceTree = "<group>"; };
/* End PBXFileReference section */

/* Begin PBXFrameworksBuildPhase section */
		C46043C220078F0B007DFCA7 /* Frameworks */ = {
			isa = PBXFrameworksBuildPhase;
			buildActionMask = 2147483647;
			files = (
			);
			runOnlyForDeploymentPostprocessing = 0;
		};
/* End PBXFrameworksBuildPhase section */

/* Begin PBXGroup section */
		C46043BC20078F0B007DFCA7 = {
			isa = PBXGroup;
			children = (
				C46043C720078F0B007DFCA7 /* ID-Cards Price List */,
				C46043C620078F0B007DFCA7 /* Products */,
			);
			sourceTree = "<group>";
		};
		C46043C620078F0B007DFCA7 /* Products */ = {
			isa = PBXGroup;
			children = (
				C46043C520078F0B007DFCA7 /* ID-Cards Price List.app */,
			);
			name = Products;
			sourceTree = "<group>";
		};
		C46043C720078F0B007DFCA7 /* ID-Cards Price List */ = {
			isa = PBXGroup;
			children = (
				C47FFF9B219AD53D00895169 /* AppDelegate.swift */,
				C46043CA20078F0B007DFCA7 /* ViewController.swift */,
				C46043CC20078F0B007DFCA7 /* Main.storyboard */,
				C46043D220078F0B007DFCA7 /* Assets.xcassets */,
				C46043D420078F0B007DFCA7 /* LaunchScreen.storyboard */,
				C46043D720078F0B007DFCA7 /* Info.plist */,
				C46043CF20078F0B007DFCA7 /* ID_Cards_Price_List.xcdatamodeld */,
			);
			path = "ID-Cards Price List";
			sourceTree = "<group>";
		};
/* End PBXGroup section */

/* Begin PBXNativeTarget section */
		C46043C420078F0B007DFCA7 /* ID-Cards Price List */ = {
			isa = PBXNativeTarget;
			buildConfigurationList = C46043DA20078F0B007DFCA7 /* Build configuration list for PBXNativeTarget "ID-Cards Price List" */;
			buildPhases = (
				C46043C120078F0B007DFCA7 /* Sources */,
				C46043C220078F0B007DFCA7 /* Frameworks */,
				C46043C320078F0B007DFCA7 /* Resources */,
			);
			buildRules = (
			);
			dependencies = (
			);
			name = "ID-Cards Price List";
			productName = "ID-Cards Price List";
			productReference = C46043C520078F0B007DFCA7 /* ID-Cards Price List.app */;
			productType = "com.apple.product-type.application";
		};
/* End PBXNativeTarget section */

/* Begin PBXProject section */
		C46043BD20078F0B007DFCA7 /* Project object */ = {
			isa = PBXProject;
			attributes = {
				LastSwiftUpdateCheck = 0920;
				LastUpgradeCheck = 1010;
				ORGANIZATIONNAME = "Denis Ganevitch";
				TargetAttributes = {
					C46043C420078F0B007DFCA7 = {
						CreatedOnToolsVersion = 9.2;
						LastSwiftMigration = 1010;
						ProvisioningStyle = Automatic;
					};
				};
			};
			buildConfigurationList = C46043C020078F0B007DFCA7 /* Build configuration list for PBXProject "ID-Cards Price List" */;
			compatibilityVersion = "Xcode 8.0";
			developmentRegion = en;
			hasScannedForEncodings = 0;
			knownRegions = (
				en,
				Base,
			);
			mainGroup = C46043BC20078F0B007DFCA7;
			productRefGroup = C46043C620078F0B007DFCA7 /* Products */;
			projectDirPath = "";
			projectRoot = "";
			targets = (
				C46043C420078F0B007DFCA7 /* ID-Cards Price List */,
			);
		};
/* End PBXProject section */

/* Begin PBXResourcesBuildPhase section */
		C46043C320078F0B007DFCA7 /* Resources */ = {
			isa = PBXResourcesBuildPhase;
			buildActionMask = 2147483647;
			files = (
				C46043D620078F0B007DFCA7 /* LaunchScreen.storyboard in Resources */,
				C46043D320078F0B007DFCA7 /* Assets.xcassets in Resources */,
				C46043CE20078F0B007DFCA7 /* Main.storyboard in Resources */,
			);
			runOnlyForDeploymentPostprocessing = 0;
		};
/* End PBXResourcesBuildPhase section */

/* Begin PBXSourcesBuildPhase section */
		C46043C120078F0B007DFCA7 /* Sources */ = {
			isa = PBXSourcesBuildPhase;
			buildActionMask = 2147483647;
			files = (
				C47FFF9C219AD53D00895169 /* AppDelegate.swift in Sources */,
				C46043D120078F0B007DFCA7 /* ID_Cards_Price_List.xcdatamodeld in Sources */,
				C46043CB20078F0B007DFCA7 /* ViewController.swift in Sources */,
			);
			runOnlyForDeploymentPostprocessing = 0;
		};
/* End PBXSourcesBuildPhase section */

/* Begin PBXVariantGroup section */
		C46043CC20078F0B007DFCA7 /* Main.storyboard */ = {
			isa = PBXVariantGroup;
			children = (
				C46043CD20078F0B007DFCA7 /* Base */,
			);
			name = Main.storyboard;
			sourceTree = "<group>";
		};
		C46043D420078F0B007DFCA7 /* LaunchScreen.storyboard */ = {
			isa = PBXVariantGroup;
			children = (
				C46043D520078F0B007DFCA7 /* Base */,
			);
			name = LaunchScreen.storyboard;
			sourceTree = "<group>";
		};
/* End PBXVariantGroup section */

/* Begin XCBuildConfiguration section */
		C46043D820078F0B007DFCA7 /* Debug */ = {
			isa = XCBuildConfiguration;
			buildSettings = {
				ALWAYS_SEARCH_USER_PATHS = NO;
				CLANG_ANALYZER_NONNULL = YES;
				CLANG_ANALYZER_NUMBER_OBJECT_CONVERSION = YES_AGGRESSIVE;
				CLANG_CXX_LANGUAGE_STANDARD = "gnu++14";
				CLANG_CXX_LIBRARY = "libc++";
				CLANG_ENABLE_MODULES = YES;
				CLANG_ENABLE_OBJC_ARC = YES;
				CLANG_WARN_BLOCK_CAPTURE_AUTORELEASING = YES;
				CLANG_WARN_BOOL_CONVERSION = YES;
				CLANG_WARN_COMMA = YES;
				CLANG_WARN_CONSTANT_CONVERSION = YES;
				CLANG_WARN_DEPRECATED_OBJC_IMPLEMENTATIONS = YES;
				CLANG_WARN_DIRECT_OBJC_ISA_USAGE = YES_ERROR;
				CLANG_WARN_DOCUMENTATION_COMMENTS = YES;
				CLANG_WARN_EMPTY_BODY = YES;
				CLANG_WARN_ENUM_CONVERSION = YES;
				CLANG_WARN_INFINITE_RECURSION = YES;
				CLANG_WARN_INT_CONVERSION = YES;
				CLANG_WARN_NON_LITERAL_NULL_CONVERSION = YES;
				CLANG_WARN_OBJC_IMPLICIT_RETAIN_SELF = YES;
				CLANG_WARN_OBJC_LITERAL_CONVERSION = YES;
				CLANG_WARN_OBJC_ROOT_CLASS = YES_ERROR;
				CLANG_WARN_RANGE_LOOP_ANALYSIS = YES;
				CLANG_WARN_STRICT_PROTOTYPES = YES;
				CLANG_WARN_SUSPICIOUS_MOVE = YES;
				CLANG_WARN_UNGUARDED_AVAILABILITY = YES_AGGRESSIVE;
				CLANG_WARN_UNREACHABLE_CODE = YES;
				CLANG_WARN__DUPLICATE_METHOD_MATCH = YES;
				CODE_SIGN_IDENTITY = "iPhone Developer";
				COPY_PHASE_STRIP = NO;
				DEBUG_INFORMATION_FORMAT = dwarf;
				ENABLE_STRICT_OBJC_MSGSEND = YES;
				ENABLE_TESTABILITY = YES;
				GCC_C_LANGUAGE_STANDARD = gnu11;
				GCC_DYNAMIC_NO_PIC = NO;
				GCC_NO_COMMON_BLOCKS = YES;
				GCC_OPTIMIZATION_LEVEL = 0;
				GCC_PREPROCESSOR_DEFINITIONS = (
					"DEBUG=1",
					"$(inherited)",
				);
				GCC_WARN_64_TO_32_BIT_CONVERSION = YES;
				GCC_WARN_ABOUT_RETURN_TYPE = YES_ERROR;
				GCC_WARN_UNDECLARED_SELECTOR = YES;
				GCC_WARN_UNINITIALIZED_AUTOS = YES_AGGRESSIVE;
				GCC_WARN_UNUSED_FUNCTION = YES;
				GCC_WARN_UNUSED_VARIABLE = YES;
				IPHONEOS_DEPLOYMENT_TARGET = 11.2;
				MTL_ENABLE_DEBUG_INFO = YES;
				ONLY_ACTIVE_ARCH = YES;
				SDKROOT = iphoneos;
				SWIFT_ACTIVE_COMPILATION_CONDITIONS = DEBUG;
				SWIFT_OPTIMIZATION_LEVEL = "-Onone";
			};
			name = Debug;
		};
		C46043D920078F0B007DFCA7 /* Release */ = {
			isa = XCBuildConfiguration;
			buildSettings = {
				ALWAYS_SEARCH_USER_PATHS = NO;
				CLANG_ANALYZER_NONNULL = YES;
				CLANG_ANALYZER_NUMBER_OBJECT_CONVERSION = YES_AGGRESSIVE;
				CLANG_CXX_LANGUAGE_STANDARD = "gnu++14";
				CLANG_CXX_LIBRARY = "libc++";
				CLANG_ENABLE_MODULES = YES;
				CLANG_ENABLE_OBJC_ARC = YES;
				CLANG_WARN_BLOCK_CAPTURE_AUTORELEASING = YES;
				CLANG_WARN_BOOL_CONVERSION = YES;
				CLANG_WARN_COMMA = YES;
				CLANG_WARN_CONSTANT_CONVERSION = YES;
				CLANG_WARN_DEPRECATED_OBJC_IMPLEMENTATIONS = YES;
				CLANG_WARN_DIRECT_OBJC_ISA_USAGE = YES_ERROR;
				CLANG_WARN_DOCUMENTATION_COMMENTS = YES;
				CLANG_WARN_EMPTY_BODY = YES;
				CLANG_WARN_ENUM_CONVERSION = YES;
				CLANG_WARN_INFINITE_RECURSION = YES;
				CLANG_WARN_INT_CONVERSION = YES;
				CLANG_WARN_NON_LITERAL_NULL_CONVERSION = YES;
				CLANG_WARN_OBJC_IMPLICIT_RETAIN_SELF = YES;
				CLANG_WARN_OBJC_LITERAL_CONVERSION = YES;
				CLANG_WARN_OBJC_ROOT_CLASS = YES_ERROR;
				CLANG_WARN_RANGE_LOOP_ANALYSIS = YES;
				CLANG_WARN_STRICT_PROTOTYPES = YES;
				CLANG_WARN_SUSPICIOUS_MOVE = YES;
				CLANG_WARN_UNGUARDED_AVAILABILITY = YES_AGGRESSIVE;
				CLANG_WARN_UNREACHABLE_CODE = YES;
				CLANG_WARN__DUPLICATE_METHOD_MATCH = YES;
				CODE_SIGN_IDENTITY = "iPhone Developer";
				COPY_PHASE_STRIP = NO;
				DEBUG_INFORMATION_FORMAT = "dwarf-with-dsym";
				ENABLE_NS_ASSERTIONS = NO;
				ENABLE_STRICT_OBJC_MSGSEND = YES;
				GCC_C_LANGUAGE_STANDARD = gnu11;
				GCC_NO_COMMON_BLOCKS = YES;
				GCC_WARN_64_TO_32_BIT_CONVERSION = YES;
				GCC_WARN_ABOUT_RETURN_TYPE = YES_ERROR;
				GCC_WARN_UNDECLARED_SELECTOR = YES;
				GCC_WARN_UNINITIALIZED_AUTOS = YES_AGGRESSIVE;
				GCC_WARN_UNUSED_FUNCTION = YES;
				GCC_WARN_UNUSED_VARIABLE = YES;
				IPHONEOS_DEPLOYMENT_TARGET = 11.2;
				MTL_ENABLE_DEBUG_INFO = NO;
				SDKROOT = iphoneos;
				SWIFT_OPTIMIZATION_LEVEL = "-Owholemodule";
				VALIDATE_PRODUCT = YES;
			};
			name = Release;
		};
		C46043DB20078F0B007DFCA7 /* Debug */ = {
			isa = XCBuildConfiguration;
			buildSettings = {
				ASSETCATALOG_COMPILER_APPICON_NAME = AppIcon;
				CODE_SIGN_STYLE = Automatic;
				DEVELOPMENT_TEAM = G923V6UNR8;
				INFOPLIST_FILE = "ID-Cards Price List/Info.plist";
				LD_RUNPATH_SEARCH_PATHS = "$(inherited) @executable_path/Frameworks";
				PRODUCT_BUNDLE_IDENTIFIER = "idc.ID-Cards-Price-List";
				PRODUCT_NAME = "$(TARGET_NAME)";
				SWIFT_VERSION = 4.2;
				TARGETED_DEVICE_FAMILY = "1,2";
			};
			name = Debug;
		};
		C46043DC20078F0B007DFCA7 /* Release */ = {
			isa = XCBuildConfiguration;
			buildSettings = {
				ASSETCATALOG_COMPILER_APPICON_NAME = AppIcon;
				CODE_SIGN_STYLE = Automatic;
				DEVELOPMENT_TEAM = G923V6UNR8;
				INFOPLIST_FILE = "ID-Cards Price List/Info.plist";
				LD_RUNPATH_SEARCH_PATHS = "$(inherited) @executable_path/Frameworks";
				PRODUCT_BUNDLE_IDENTIFIER = "idc.ID-Cards-Price-List";
				PRODUCT_NAME = "$(TARGET_NAME)";
				SWIFT_VERSION = 4.2;
				TARGETED_DEVICE_FAMILY = "1,2";
			};
			name = Release;
		};
/* End XCBuildConfiguration section */

/* Begin XCConfigurationList section */
		C46043C020078F0B007DFCA7 /* Build configuration list for PBXProject "ID-Cards Price List" */ = {
			isa = XCConfigurationList;
			buildConfigurations = (
				C46043D820078F0B007DFCA7 /* Debug */,
				C46043D920078F0B007DFCA7 /* Release */,
			);
			defaultConfigurationIsVisible = 0;
			defaultConfigurationName = Release;
		};
		C46043DA20078F0B007DFCA7 /* Build configuration list for PBXNativeTarget "ID-Cards Price List" */ = {
			isa = XCConfigurationList;
			buildConfigurations = (
				C46043DB20078F0B007DFCA7 /* Debug */,
				C46043DC20078F0B007DFCA7 /* Release */,
			);
			defaultConfigurationIsVisible = 0;
			defaultConfigurationName = Release;
		};
/* End XCConfigurationList section */

/* Begin XCVersionGroup section */
		C46043CF20078F0B007DFCA7 /* ID_Cards_Price_List.xcdatamodeld */ = {
			isa = XCVersionGroup;
			children = (
				C46043D020078F0B007DFCA7 /* ID_Cards_Price_List.xcdatamodel */,
			);
			currentVersion = C46043D020078F0B007DFCA7 /* ID_Cards_Price_List.xcdatamodel */;
			path = ID_Cards_Price_List.xcdatamodeld;
			sourceTree = "<group>";
			versionGroupType = wrapper.xcdatamodel;
		};
/* End XCVersionGroup section */
	};
	rootObject = C46043BD20078F0B007DFCA7 /* Project object */;
}
